
Microsoft Visual Studio Solution File, Format Version 12.00
# Visual Studio Version 16
VisualStudioVersion = 16.0.30114.105
MinimumVisualStudioVersion = 10.0.40219.1
Project("{9A19103F-16F7-4668-BE54-9A1E7A4F7556}") = "1TypeSystem", "1TypeSystem\1TypeSystem.csproj", "{0B5027A9-53B0-4C9F-9CEE-C16FED70FEA5}"
EndProject
Project("{9A19103F-16F7-4668-BE54-9A1E7A4F7556}") = "2PrimitiveTypes", "2PrimitiveTypes\2PrimitiveTypes.csproj", "{621238A7-E2F6-44AC-B976-79DE7790D22B}"
EndProject
Project("{9A19103F-16F7-4668-BE54-9A1E7A4F7556}") = "3CastingAndConversion", "3CastingAndConversion\3CastingAndConversion.csproj", "{5333E21D-95D1-4F8A-8240-6AA3346D2152}"
EndProject
Project("{9A19103F-16F7-4668-BE54-9A1E7A4F7556}") = "4Operators", "4Operators\4Operators.csproj", "{CAC88511-07DF-4EE6-9DC9-C941698FEAFF}"
EndProject
Project("{9A19103F-16F7-4668-BE54-9A1E7A4F7556}") = "8StructsAndEnums", "8StructsAndEnums\8StructsAndEnums.csproj", "{E6B56303-2EA5-4F51-BAEA-D911C09A6399}"
EndProject
Project("{FAE04EC0-301F-11D3-BF4B-00C04F79EFBC}") = "5BasicStatementsAndLoops", "5BasicStatementsAndLoops\5BasicStatementsAndLoops.csproj", "{55174E97-75EA-46FE-B1E7-90220C313535}"
EndProject
Global
	GlobalSection(SolutionConfigurationPlatforms) = preSolution
		Debug|Any CPU = Debug|Any CPU
		Release|Any CPU = Release|Any CPU
	EndGlobalSection
	GlobalSection(ProjectConfigurationPlatforms) = postSolution
		{0B5027A9-53B0-4C9F-9CEE-C16FED70FEA5}.Debug|Any CPU.ActiveCfg = Debug|Any CPU
		{0B5027A9-53B0-4C9F-9CEE-C16FED70FEA5}.Debug|Any CPU.Build.0 = Debug|Any CPU
		{0B5027A9-53B0-4C9F-9CEE-C16FED70FEA5}.Release|Any CPU.ActiveCfg = Release|Any CPU
		{0B5027A9-53B0-4C9F-9CEE-C16FED70FEA5}.Release|Any CPU.Build.0 = Release|Any CPU
		{621238A7-E2F6-44AC-B976-79DE7790D22B}.Debug|Any CPU.ActiveCfg = Debug|Any CPU
		{621238A7-E2F6-44AC-B976-79DE7790D22B}.Debug|Any CPU.Build.0 = Debug|Any CPU
		{621238A7-E2F6-44AC-B976-79DE7790D22B}.Release|Any CPU.ActiveCfg = Release|Any CPU
		{621238A7-E2F6-44AC-B976-79DE7790D22B}.Release|Any CPU.Build.0 = Release|Any CPU
		{5333E21D-95D1-4F8A-8240-6AA3346D2152}.Debug|Any CPU.ActiveCfg = Debug|Any CPU
		{5333E21D-95D1-4F8A-8240-6AA3346D2152}.Debug|Any CPU.Build.0 = Debug|Any CPU
		{5333E21D-95D1-4F8A-8240-6AA3346D2152}.Release|Any CPU.ActiveCfg = Release|Any CPU
		{5333E21D-95D1-4F8A-8240-6AA3346D2152}.Release|Any CPU.Build.0 = Release|Any CPU
		{CAC88511-07DF-4EE6-9DC9-C941698FEAFF}.Debug|Any CPU.ActiveCfg = Debug|Any CPU
		{CAC88511-07DF-4EE6-9DC9-C941698FEAFF}.Debug|Any CPU.Build.0 = Debug|Any CPU
		{CAC88511-07DF-4EE6-9DC9-C941698FEAFF}.Release|Any CPU.ActiveCfg = Release|Any CPU
		{CAC88511-07DF-4EE6-9DC9-C941698FEAFF}.Release|Any CPU.Build.0 = Release|Any CPU
		{E6B56303-2EA5-4F51-BAEA-D911C09A6399}.Debug|Any CPU.ActiveCfg = Debug|Any CPU
		{E6B56303-2EA5-4F51-BAEA-D911C09A6399}.Debug|Any CPU.Build.0 = Debug|Any CPU
		{E6B56303-2EA5-4F51-BAEA-D911C09A6399}.Release|Any CPU.ActiveCfg = Release|Any CPU
		{E6B56303-2EA5-4F51-BAEA-D911C09A6399}.Release|Any CPU.Build.0 = Release|Any CPU
		{55174E97-75EA-46FE-B1E7-90220C313535}.Debug|Any CPU.ActiveCfg = Debug|Any CPU
		{55174E97-75EA-46FE-B1E7-90220C313535}.Debug|Any CPU.Build.0 = Debug|Any CPU
		{55174E97-75EA-46FE-B1E7-90220C313535}.Release|Any CPU.ActiveCfg = Release|Any CPU
		{55174E97-75EA-46FE-B1E7-90220C313535}.Release|Any CPU.Build.0 = Release|Any CPU
	EndGlobalSection
	GlobalSection(SolutionProperties) = preSolution
		HideSolutionNode = FALSE
	EndGlobalSection
	GlobalSection(ExtensibilityGlobals) = postSolution
		SolutionGuid = {246312E5-6D3A-4E0D-9723-A6776547F1E2}
	EndGlobalSection
EndGlobal
