
Microsoft Visual Studio Solution File, Format Version 12.00
# Visual Studio Version 16
VisualStudioVersion = 16.0.30114.105
MinimumVisualStudioVersion = 10.0.40219.1
Project("{9A19103F-16F7-4668-BE54-9A1E7A4F7556}") = "1TypeSystem", "1TypeSystem\1TypeSystem.csproj", "{0B5027A9-53B0-4C9F-9CEE-C16FED70FEA5}"
EndProject
Project("{9A19103F-16F7-4668-BE54-9A1E7A4F7556}") = "2PrimitiveTypes", "2PrimitiveTypes\2PrimitiveTypes.csproj", "{621238A7-E2F6-44AC-B976-79DE7790D22B}"
EndProject
Project("{9A19103F-16F7-4668-BE54-9A1E7A4F7556}") = "3CastingAndConversion", "3CastingAndConversion\3CastingAndConversion.csproj", "{5333E21D-95D1-4F8A-8240-6AA3346D2152}"
EndProject
Project("{9A19103F-16F7-4668-BE54-9A1E7A4F7556}") = "4Operators", "4Operators\4Operators.csproj", "{CAC88511-07DF-4EE6-9DC9-C941698FEAFF}"
EndProject
Project("{9A19103F-16F7-4668-BE54-9A1E7A4F7556}") = "8StructsAndEnums", "8StructsAndEnums\8StructsAndEnums.csproj", "{E6B56303-2EA5-4F51-BAEA-D911C09A6399}"
EndProject
Project("{9A19103F-16F7-4668-BE54-9A1E7A4F7556}") = "5BasicStatementsAndLoops", "5BasicStatementsAndLoops\5BasicStatementsAndLoops.csproj", "{55174E97-75EA-46FE-B1E7-90220C313535}"
EndProject
Project("{9A19103F-16F7-4668-BE54-9A1E7A4F7556}") = "6Methods", "6Methods\6Methods.csproj", "{600F02ED-5452-4AAB-9DCF-5B48D7F8373C}"
EndProject
Project("{9A19103F-16F7-4668-BE54-9A1E7A4F7556}") = "7Classes", "7Classes\7Classes.csproj", "{62E32960-AA26-45B4-BFA4-AE0EEDC4C7EC}"
EndProject
Project("{9A19103F-16F7-4668-BE54-9A1E7A4F7556}") = "9Inheritance", "9Inheritance\9Inheritance.csproj", "{D2C8CBE4-80C0-486C-BAC4-0E672032BA03}"
EndProject
Project("{9A19103F-16F7-4668-BE54-9A1E7A4F7556}") = "9Polymorphism", "9Polymorphism\9Polymorphism.csproj", "{D6C72160-C292-4453-BD91-BDC3AD66613A}"
EndProject
Project("{9A19103F-16F7-4668-BE54-9A1E7A4F7556}") = "10Interfaces", "10Interfaces\10Interfaces.csproj", "{BBD41A76-EC54-4CDD-9A3A-254B33EBA09D}"
EndProject
Project("{9A19103F-16F7-4668-BE54-9A1E7A4F7556}") = "10AbstractClasses", "10AbstractClasses\10AbstractClasses.csproj", "{CD3E803D-99B7-44F7-B81C-37AA6DA949B0}"
EndProject
Project("{9A19103F-16F7-4668-BE54-9A1E7A4F7556}") = "11Namespaces", "11Namespaces\11Namespaces.csproj", "{A395CCC6-AB5B-4D89-AE7A-2E3EF3580791}"
EndProject
Project("{9A19103F-16F7-4668-BE54-9A1E7A4F7556}") = "12ExceptionHandling", "12ExceptionHandling\12ExceptionHandling.csproj", "{34496070-2D18-42E1-81EA-496B13D9399D}"
EndProject
Project("{9A19103F-16F7-4668-BE54-9A1E7A4F7556}") = "15Generics", "15Generics\15Generics.csproj", "{8AEA912F-1D68-4048-97D6-86BA1E12DD30}"
EndProject
Project("{9A19103F-16F7-4668-BE54-9A1E7A4F7556}") = "13Arrays", "13Arrays\13Arrays.csproj", "{6936593C-E94B-4CA2-9701-A68BE8024AFD}"
EndProject
Project("{9A19103F-16F7-4668-BE54-9A1E7A4F7556}") = "13Collections", "13Collections\13Collections.csproj", "{48CA38CD-45B8-4962-AD56-B2E01B1CC642}"
EndProject
Project("{9A19103F-16F7-4668-BE54-9A1E7A4F7556}") = "14LINQBasics", "14LINQBasics\14LINQBasics.csproj", "{578F876A-1C2B-42BE-B9EF-BF6E491B9526}"
EndProject
Project("{9A19103F-16F7-4668-BE54-9A1E7A4F7556}") = "16Tuples", "16Tuples\16Tuples.csproj", "{E256D4C2-F57C-4F99-BE1A-ADB1B115899D}"
EndProject
Project("{9A19103F-16F7-4668-BE54-9A1E7A4F7556}") = "16AnonymousTypes", "16AnonymousTypes\16AnonymousTypes.csproj", "{A55149E2-5978-434C-A389-E636393282F4}"
EndProject
Project("{FAE04EC0-301F-11D3-BF4B-00C04F79EFBC}") = "17AttributesAndReflection", "17AttributesAndReflection\17AttributesAndReflection.csproj", "{D593E78D-3501-4A12-A473-5CEF7E27B157}"
EndProject
Global
	GlobalSection(SolutionConfigurationPlatforms) = preSolution
		Debug|Any CPU = Debug|Any CPU
		Release|Any CPU = Release|Any CPU
	EndGlobalSection
	GlobalSection(ProjectConfigurationPlatforms) = postSolution
		{0B5027A9-53B0-4C9F-9CEE-C16FED70FEA5}.Debug|Any CPU.ActiveCfg = Debug|Any CPU
		{0B5027A9-53B0-4C9F-9CEE-C16FED70FEA5}.Debug|Any CPU.Build.0 = Debug|Any CPU
		{0B5027A9-53B0-4C9F-9CEE-C16FED70FEA5}.Release|Any CPU.ActiveCfg = Release|Any CPU
		{0B5027A9-53B0-4C9F-9CEE-C16FED70FEA5}.Release|Any CPU.Build.0 = Release|Any CPU
		{621238A7-E2F6-44AC-B976-79DE7790D22B}.Debug|Any CPU.ActiveCfg = Debug|Any CPU
		{621238A7-E2F6-44AC-B976-79DE7790D22B}.Debug|Any CPU.Build.0 = Debug|Any CPU
		{621238A7-E2F6-44AC-B976-79DE7790D22B}.Release|Any CPU.ActiveCfg = Release|Any CPU
		{621238A7-E2F6-44AC-B976-79DE7790D22B}.Release|Any CPU.Build.0 = Release|Any CPU
		{5333E21D-95D1-4F8A-8240-6AA3346D2152}.Debug|Any CPU.ActiveCfg = Debug|Any CPU
		{5333E21D-95D1-4F8A-8240-6AA3346D2152}.Debug|Any CPU.Build.0 = Debug|Any CPU
		{5333E21D-95D1-4F8A-8240-6AA3346D2152}.Release|Any CPU.ActiveCfg = Release|Any CPU
		{5333E21D-95D1-4F8A-8240-6AA3346D2152}.Release|Any CPU.Build.0 = Release|Any CPU
		{CAC88511-07DF-4EE6-9DC9-C941698FEAFF}.Debug|Any CPU.ActiveCfg = Debug|Any CPU
		{CAC88511-07DF-4EE6-9DC9-C941698FEAFF}.Debug|Any CPU.Build.0 = Debug|Any CPU
		{CAC88511-07DF-4EE6-9DC9-C941698FEAFF}.Release|Any CPU.ActiveCfg = Release|Any CPU
		{CAC88511-07DF-4EE6-9DC9-C941698FEAFF}.Release|Any CPU.Build.0 = Release|Any CPU
		{E6B56303-2EA5-4F51-BAEA-D911C09A6399}.Debug|Any CPU.ActiveCfg = Debug|Any CPU
		{E6B56303-2EA5-4F51-BAEA-D911C09A6399}.Debug|Any CPU.Build.0 = Debug|Any CPU
		{E6B56303-2EA5-4F51-BAEA-D911C09A6399}.Release|Any CPU.ActiveCfg = Release|Any CPU
		{E6B56303-2EA5-4F51-BAEA-D911C09A6399}.Release|Any CPU.Build.0 = Release|Any CPU
		{55174E97-75EA-46FE-B1E7-90220C313535}.Debug|Any CPU.ActiveCfg = Debug|Any CPU
		{55174E97-75EA-46FE-B1E7-90220C313535}.Debug|Any CPU.Build.0 = Debug|Any CPU
		{55174E97-75EA-46FE-B1E7-90220C313535}.Release|Any CPU.ActiveCfg = Release|Any CPU
		{55174E97-75EA-46FE-B1E7-90220C313535}.Release|Any CPU.Build.0 = Release|Any CPU
		{600F02ED-5452-4AAB-9DCF-5B48D7F8373C}.Debug|Any CPU.ActiveCfg = Debug|Any CPU
		{600F02ED-5452-4AAB-9DCF-5B48D7F8373C}.Debug|Any CPU.Build.0 = Debug|Any CPU
		{600F02ED-5452-4AAB-9DCF-5B48D7F8373C}.Release|Any CPU.ActiveCfg = Release|Any CPU
		{600F02ED-5452-4AAB-9DCF-5B48D7F8373C}.Release|Any CPU.Build.0 = Release|Any CPU
		{62E32960-AA26-45B4-BFA4-AE0EEDC4C7EC}.Debug|Any CPU.ActiveCfg = Debug|Any CPU
		{62E32960-AA26-45B4-BFA4-AE0EEDC4C7EC}.Debug|Any CPU.Build.0 = Debug|Any CPU
		{62E32960-AA26-45B4-BFA4-AE0EEDC4C7EC}.Release|Any CPU.ActiveCfg = Release|Any CPU
		{62E32960-AA26-45B4-BFA4-AE0EEDC4C7EC}.Release|Any CPU.Build.0 = Release|Any CPU
		{D2C8CBE4-80C0-486C-BAC4-0E672032BA03}.Debug|Any CPU.ActiveCfg = Debug|Any CPU
		{D2C8CBE4-80C0-486C-BAC4-0E672032BA03}.Debug|Any CPU.Build.0 = Debug|Any CPU
		{D2C8CBE4-80C0-486C-BAC4-0E672032BA03}.Release|Any CPU.ActiveCfg = Release|Any CPU
		{D2C8CBE4-80C0-486C-BAC4-0E672032BA03}.Release|Any CPU.Build.0 = Release|Any CPU
		{D6C72160-C292-4453-BD91-BDC3AD66613A}.Debug|Any CPU.ActiveCfg = Debug|Any CPU
		{D6C72160-C292-4453-BD91-BDC3AD66613A}.Debug|Any CPU.Build.0 = Debug|Any CPU
		{D6C72160-C292-4453-BD91-BDC3AD66613A}.Release|Any CPU.ActiveCfg = Release|Any CPU
		{D6C72160-C292-4453-BD91-BDC3AD66613A}.Release|Any CPU.Build.0 = Release|Any CPU
		{BBD41A76-EC54-4CDD-9A3A-254B33EBA09D}.Debug|Any CPU.ActiveCfg = Debug|Any CPU
		{BBD41A76-EC54-4CDD-9A3A-254B33EBA09D}.Debug|Any CPU.Build.0 = Debug|Any CPU
		{BBD41A76-EC54-4CDD-9A3A-254B33EBA09D}.Release|Any CPU.ActiveCfg = Release|Any CPU
		{BBD41A76-EC54-4CDD-9A3A-254B33EBA09D}.Release|Any CPU.Build.0 = Release|Any CPU
		{CD3E803D-99B7-44F7-B81C-37AA6DA949B0}.Debug|Any CPU.ActiveCfg = Debug|Any CPU
		{CD3E803D-99B7-44F7-B81C-37AA6DA949B0}.Debug|Any CPU.Build.0 = Debug|Any CPU
		{CD3E803D-99B7-44F7-B81C-37AA6DA949B0}.Release|Any CPU.ActiveCfg = Release|Any CPU
		{CD3E803D-99B7-44F7-B81C-37AA6DA949B0}.Release|Any CPU.Build.0 = Release|Any CPU
		{A395CCC6-AB5B-4D89-AE7A-2E3EF3580791}.Debug|Any CPU.ActiveCfg = Debug|Any CPU
		{A395CCC6-AB5B-4D89-AE7A-2E3EF3580791}.Debug|Any CPU.Build.0 = Debug|Any CPU
		{A395CCC6-AB5B-4D89-AE7A-2E3EF3580791}.Release|Any CPU.ActiveCfg = Release|Any CPU
		{A395CCC6-AB5B-4D89-AE7A-2E3EF3580791}.Release|Any CPU.Build.0 = Release|Any CPU
		{34496070-2D18-42E1-81EA-496B13D9399D}.Debug|Any CPU.ActiveCfg = Debug|Any CPU
		{34496070-2D18-42E1-81EA-496B13D9399D}.Debug|Any CPU.Build.0 = Debug|Any CPU
		{34496070-2D18-42E1-81EA-496B13D9399D}.Release|Any CPU.ActiveCfg = Release|Any CPU
		{34496070-2D18-42E1-81EA-496B13D9399D}.Release|Any CPU.Build.0 = Release|Any CPU
		{8AEA912F-1D68-4048-97D6-86BA1E12DD30}.Debug|Any CPU.ActiveCfg = Debug|Any CPU
		{8AEA912F-1D68-4048-97D6-86BA1E12DD30}.Debug|Any CPU.Build.0 = Debug|Any CPU
		{8AEA912F-1D68-4048-97D6-86BA1E12DD30}.Release|Any CPU.ActiveCfg = Release|Any CPU
		{8AEA912F-1D68-4048-97D6-86BA1E12DD30}.Release|Any CPU.Build.0 = Release|Any CPU
		{6936593C-E94B-4CA2-9701-A68BE8024AFD}.Debug|Any CPU.ActiveCfg = Debug|Any CPU
		{6936593C-E94B-4CA2-9701-A68BE8024AFD}.Debug|Any CPU.Build.0 = Debug|Any CPU
		{6936593C-E94B-4CA2-9701-A68BE8024AFD}.Release|Any CPU.ActiveCfg = Release|Any CPU
		{6936593C-E94B-4CA2-9701-A68BE8024AFD}.Release|Any CPU.Build.0 = Release|Any CPU
		{48CA38CD-45B8-4962-AD56-B2E01B1CC642}.Debug|Any CPU.ActiveCfg = Debug|Any CPU
		{48CA38CD-45B8-4962-AD56-B2E01B1CC642}.Debug|Any CPU.Build.0 = Debug|Any CPU
		{48CA38CD-45B8-4962-AD56-B2E01B1CC642}.Release|Any CPU.ActiveCfg = Release|Any CPU
		{48CA38CD-45B8-4962-AD56-B2E01B1CC642}.Release|Any CPU.Build.0 = Release|Any CPU
		{578F876A-1C2B-42BE-B9EF-BF6E491B9526}.Debug|Any CPU.ActiveCfg = Debug|Any CPU
		{578F876A-1C2B-42BE-B9EF-BF6E491B9526}.Debug|Any CPU.Build.0 = Debug|Any CPU
		{578F876A-1C2B-42BE-B9EF-BF6E491B9526}.Release|Any CPU.ActiveCfg = Release|Any CPU
		{578F876A-1C2B-42BE-B9EF-BF6E491B9526}.Release|Any CPU.Build.0 = Release|Any CPU
		{E256D4C2-F57C-4F99-BE1A-ADB1B115899D}.Debug|Any CPU.ActiveCfg = Debug|Any CPU
		{E256D4C2-F57C-4F99-BE1A-ADB1B115899D}.Debug|Any CPU.Build.0 = Debug|Any CPU
		{E256D4C2-F57C-4F99-BE1A-ADB1B115899D}.Release|Any CPU.ActiveCfg = Release|Any CPU
		{E256D4C2-F57C-4F99-BE1A-ADB1B115899D}.Release|Any CPU.Build.0 = Release|Any CPU
		{A55149E2-5978-434C-A389-E636393282F4}.Debug|Any CPU.ActiveCfg = Debug|Any CPU
		{A55149E2-5978-434C-A389-E636393282F4}.Debug|Any CPU.Build.0 = Debug|Any CPU
		{A55149E2-5978-434C-A389-E636393282F4}.Release|Any CPU.ActiveCfg = Release|Any CPU
		{A55149E2-5978-434C-A389-E636393282F4}.Release|Any CPU.Build.0 = Release|Any CPU
		{D593E78D-3501-4A12-A473-5CEF7E27B157}.Debug|Any CPU.ActiveCfg = Debug|Any CPU
		{D593E78D-3501-4A12-A473-5CEF7E27B157}.Debug|Any CPU.Build.0 = Debug|Any CPU
		{D593E78D-3501-4A12-A473-5CEF7E27B157}.Release|Any CPU.ActiveCfg = Release|Any CPU
		{D593E78D-3501-4A12-A473-5CEF7E27B157}.Release|Any CPU.Build.0 = Release|Any CPU
	EndGlobalSection
	GlobalSection(SolutionProperties) = preSolution
		HideSolutionNode = FALSE
	EndGlobalSection
	GlobalSection(ExtensibilityGlobals) = postSolution
		SolutionGuid = {246312E5-6D3A-4E0D-9723-A6776547F1E2}
	EndGlobalSection
EndGlobal
